
Microsoft Visual Studio Solution File, Format Version 12.00
# Visual Studio Version 17
VisualStudioVersion = 17.4.33205.214
MinimumVisualStudioVersion = 10.0.40219.1
Project("{9A19103F-16F7-4668-BE54-9A1E7A4F7556}") = "UnIty_ST", "UnIty_ST\UnIty_ST.csproj", "{6906D256-1EC9-496D-80D6-9DFB25B3C99F}"
EndProject
Project("{9A19103F-16F7-4668-BE54-9A1E7A4F7556}") = "00USING", "00USING\00USING.csproj", "{D50905BC-D1BB-4767-A7B3-A83DA98F94EA}"
EndProject
Project("{9A19103F-16F7-4668-BE54-9A1E7A4F7556}") = "01Class", "01Class\01Class.csproj", "{50D4E734-7DFB-4953-AA4B-C51F961904F6}"
EndProject
Project("{FAE04EC0-301F-11D3-BF4B-00C04F79EFBC}") = "02NameSpace", "02NameSpace\02NameSpace.csproj", "{6615DDAC-7D7D-40C1-BAF8-214C1DE2676C}"
EndProject
Project("{2150E333-8FDC-42A3-9474-1A3956D46DE8}") = "STD", "STD", "{B6BD3241-9E27-4BF9-A3F3-5BB285F68CA5}"
EndProject
Project("{2150E333-8FDC-42A3-9474-1A3956D46DE8}") = "Solution Items", "Solution Items", "{E9A5418A-D1D6-4659-9879-D2EB0DCE1E98}"
EndProject
Project("{FAE04EC0-301F-11D3-BF4B-00C04F79EFBC}") = "03CodeStartAndReading", "03CodeStartAndReading\03CodeStartAndReading.csproj", "{CE327451-D4DD-4F1B-9AEC-8FD5FC4C97D7}"
EndProject
Project("{FAE04EC0-301F-11D3-BF4B-00C04F79EFBC}") = "04MemberVAr", "04MemberVAr\04MemberVAr.csproj", "{3A196D5C-0DCC-4EC2-A11B-978C0444215C}"
EndProject
Project("{FAE04EC0-301F-11D3-BF4B-00C04F79EFBC}") = "05MmberFunc", "05MmberFunc\05MmberFunc.csproj", "{8EE4C0A8-6596-46C0-B9CC-0B225554C01D}"
EndProject
Project("{FAE04EC0-301F-11D3-BF4B-00C04F79EFBC}") = "06LocalVar", "06LocalVar\06LocalVar.csproj", "{9CAC2A11-A3A4-409B-8AB2-B98CD40745C5}"
EndProject
Project("{FAE04EC0-301F-11D3-BF4B-00C04F79EFBC}") = "07ClassAcess", "07ClassAcess\07ClassAcess.csproj", "{9C0AC355-70FA-48C6-80FC-8DC7BC7B52C4}"
EndProject
Project("{FAE04EC0-301F-11D3-BF4B-00C04F79EFBC}") = "08FuncEx", "08FuncEx\08FuncEx.csproj", "{14B7C9A0-1484-47A6-9B22-721A2C33E667}"
EndProject
Project("{2150E333-8FDC-42A3-9474-1A3956D46DE8}") = "솔루션 항목", "솔루션 항목", "{6720147D-9DB7-45CA-9CCE-D0DF1523C81B}"
	ProjectSection(SolutionItems) = preProject
		디버깅.txt = 디버깅.txt
		메모리.txt = 메모리.txt
	EndProjectSection
EndProject
Project("{FAE04EC0-301F-11D3-BF4B-00C04F79EFBC}") = "09Operator", "09Operator\09Operator.csproj", "{C04EC4C1-8847-4C03-91BA-21AB99DB32D2}"
EndProject
Project("{FAE04EC0-301F-11D3-BF4B-00C04F79EFBC}") = "10Memory00(Func)", "10Memory00(Func)\10Memory00(Func).csproj", "{1FD5EC20-F023-4A1C-8BD1-B503D18D82FB}"
EndProject
Project("{FAE04EC0-301F-11D3-BF4B-00C04F79EFBC}") = "11Memory01(Value)", "11Memory00(Value)\11Memory01(Value).csproj", "{6CBF2713-F383-44F7-B3B9-7170C6AC0AA4}"
EndProject
Project("{FAE04EC0-301F-11D3-BF4B-00C04F79EFBC}") = "12Memory02(Reference)", "12Memory02(Reference)\12Memory02(Reference).csproj", "{0333ECE5-421B-4700-9A25-648E7088F314}"
EndProject
Project("{FAE04EC0-301F-11D3-BF4B-00C04F79EFBC}") = "13StaticVar", "13StaticVar\13StaticVar.csproj", "{BC73820B-0D66-4AA8-8943-4AEEB3B2B5CF}"
EndProject
Project("{FAE04EC0-301F-11D3-BF4B-00C04F79EFBC}") = "14StaticFunc", "13-1Static\14StaticFunc.csproj", "{178F1ECF-46C3-4018-9A91-D1707FA84B25}"
EndProject
Project("{FAE04EC0-301F-11D3-BF4B-00C04F79EFBC}") = "15staticClass", "15StaticClass\15staticClass.csproj", "{23A0A05E-67F5-4D55-81D5-6F2DF92CA983}"
EndProject
Project("{FAE04EC0-301F-11D3-BF4B-00C04F79EFBC}") = "17while", "17while\17while.csproj", "{1FA205E8-0DCE-4868-898C-627B57DD95F2}"
EndProject
Project("{FAE04EC0-301F-11D3-BF4B-00C04F79EFBC}") = "18for", "18for\18for.csproj", "{43FB2E0A-A8CA-4258-805C-3ACDA7FD852A}"
EndProject
Project("{FAE04EC0-301F-11D3-BF4B-00C04F79EFBC}") = "19if", "19if\19if.csproj", "{49759219-52D2-4C79-B69D-8322CB3F4EE2}"
EndProject
Project("{FAE04EC0-301F-11D3-BF4B-00C04F79EFBC}") = "20Switch", "20Switch\20Switch.csproj", "{7C09165D-F94B-42F1-A21A-68FD037DC500}"
EndProject
Project("{FAE04EC0-301F-11D3-BF4B-00C04F79EFBC}") = "21Struct", "21Struct\21Struct.csproj", "{D62AB0CB-59F1-4CE1-A86D-0B18BD180B00}"
EndProject
Project("{FAE04EC0-301F-11D3-BF4B-00C04F79EFBC}") = "22Enum", "22Enum\22Enum.csproj", "{CDEFB42A-13B3-4BC6-AD89-3CC12545173E}"
EndProject
Project("{2150E333-8FDC-42A3-9474-1A3956D46DE8}") = "Game", "Game", "{676A45BF-636E-4CEE-8A9C-9C16D18743EA}"
	ProjectSection(SolutionItems) = preProject
		기획서.txt = 기획서.txt
	EndProjectSection
EndProject
Project("{FAE04EC0-301F-11D3-BF4B-00C04F79EFBC}") = "TextRpg001", "TextRpg001\TextRpg001.csproj", "{A0BC7BC1-E968-4C8F-A524-510FAC7E4728}"
EndProject
Project("{FAE04EC0-301F-11D3-BF4B-00C04F79EFBC}") = "16This", "16This\16This.csproj", "{AC7DFC35-F748-44D3-8BAD-FC8E25B67C97}"
EndProject
Project("{FAE04EC0-301F-11D3-BF4B-00C04F79EFBC}") = "23Inheritance", "23Inheritance\23Inheritance.csproj", "{AB3C099F-D8DD-4D1C-8BDD-7EAF906814F0}"
EndProject
Project("{FAE04EC0-301F-11D3-BF4B-00C04F79EFBC}") = "24ClassConstructer", "24ClassConstructer\24ClassConstructer.csproj", "{547E6A0D-D4F1-4392-939B-0BF92DE333C1}"
EndProject
Project("{2150E333-8FDC-42A3-9474-1A3956D46DE8}") = "HomeWork", "HomeWork", "{FABA92E8-A2D7-4C3C-B646-3AFC57C3DBB6}"
EndProject
Project("{FAE04EC0-301F-11D3-BF4B-00C04F79EFBC}") = "hwkTextRPG001", "hwkTextRPG001\hwkTextRPG001.csproj", "{9031F1A3-EA7B-4A02-9F7A-90384E1B6E1F}"
EndProject
Global
	GlobalSection(SolutionConfigurationPlatforms) = preSolution
		Debug|Any CPU = Debug|Any CPU
		Release|Any CPU = Release|Any CPU
	EndGlobalSection
	GlobalSection(ProjectConfigurationPlatforms) = postSolution
		{6906D256-1EC9-496D-80D6-9DFB25B3C99F}.Debug|Any CPU.ActiveCfg = Debug|Any CPU
		{6906D256-1EC9-496D-80D6-9DFB25B3C99F}.Debug|Any CPU.Build.0 = Debug|Any CPU
		{6906D256-1EC9-496D-80D6-9DFB25B3C99F}.Release|Any CPU.ActiveCfg = Release|Any CPU
		{6906D256-1EC9-496D-80D6-9DFB25B3C99F}.Release|Any CPU.Build.0 = Release|Any CPU
		{D50905BC-D1BB-4767-A7B3-A83DA98F94EA}.Debug|Any CPU.ActiveCfg = Debug|Any CPU
		{D50905BC-D1BB-4767-A7B3-A83DA98F94EA}.Debug|Any CPU.Build.0 = Debug|Any CPU
		{D50905BC-D1BB-4767-A7B3-A83DA98F94EA}.Release|Any CPU.ActiveCfg = Release|Any CPU
		{D50905BC-D1BB-4767-A7B3-A83DA98F94EA}.Release|Any CPU.Build.0 = Release|Any CPU
		{50D4E734-7DFB-4953-AA4B-C51F961904F6}.Debug|Any CPU.ActiveCfg = Debug|Any CPU
		{50D4E734-7DFB-4953-AA4B-C51F961904F6}.Debug|Any CPU.Build.0 = Debug|Any CPU
		{50D4E734-7DFB-4953-AA4B-C51F961904F6}.Release|Any CPU.ActiveCfg = Release|Any CPU
		{50D4E734-7DFB-4953-AA4B-C51F961904F6}.Release|Any CPU.Build.0 = Release|Any CPU
		{6615DDAC-7D7D-40C1-BAF8-214C1DE2676C}.Debug|Any CPU.ActiveCfg = Debug|Any CPU
		{6615DDAC-7D7D-40C1-BAF8-214C1DE2676C}.Debug|Any CPU.Build.0 = Debug|Any CPU
		{6615DDAC-7D7D-40C1-BAF8-214C1DE2676C}.Release|Any CPU.ActiveCfg = Release|Any CPU
		{6615DDAC-7D7D-40C1-BAF8-214C1DE2676C}.Release|Any CPU.Build.0 = Release|Any CPU
		{CE327451-D4DD-4F1B-9AEC-8FD5FC4C97D7}.Debug|Any CPU.ActiveCfg = Debug|Any CPU
		{CE327451-D4DD-4F1B-9AEC-8FD5FC4C97D7}.Debug|Any CPU.Build.0 = Debug|Any CPU
		{CE327451-D4DD-4F1B-9AEC-8FD5FC4C97D7}.Release|Any CPU.ActiveCfg = Release|Any CPU
		{CE327451-D4DD-4F1B-9AEC-8FD5FC4C97D7}.Release|Any CPU.Build.0 = Release|Any CPU
		{3A196D5C-0DCC-4EC2-A11B-978C0444215C}.Debug|Any CPU.ActiveCfg = Debug|Any CPU
		{3A196D5C-0DCC-4EC2-A11B-978C0444215C}.Debug|Any CPU.Build.0 = Debug|Any CPU
		{3A196D5C-0DCC-4EC2-A11B-978C0444215C}.Release|Any CPU.ActiveCfg = Release|Any CPU
		{3A196D5C-0DCC-4EC2-A11B-978C0444215C}.Release|Any CPU.Build.0 = Release|Any CPU
		{8EE4C0A8-6596-46C0-B9CC-0B225554C01D}.Debug|Any CPU.ActiveCfg = Debug|Any CPU
		{8EE4C0A8-6596-46C0-B9CC-0B225554C01D}.Debug|Any CPU.Build.0 = Debug|Any CPU
		{8EE4C0A8-6596-46C0-B9CC-0B225554C01D}.Release|Any CPU.ActiveCfg = Release|Any CPU
		{8EE4C0A8-6596-46C0-B9CC-0B225554C01D}.Release|Any CPU.Build.0 = Release|Any CPU
		{9CAC2A11-A3A4-409B-8AB2-B98CD40745C5}.Debug|Any CPU.ActiveCfg = Debug|Any CPU
		{9CAC2A11-A3A4-409B-8AB2-B98CD40745C5}.Debug|Any CPU.Build.0 = Debug|Any CPU
		{9CAC2A11-A3A4-409B-8AB2-B98CD40745C5}.Release|Any CPU.ActiveCfg = Release|Any CPU
		{9CAC2A11-A3A4-409B-8AB2-B98CD40745C5}.Release|Any CPU.Build.0 = Release|Any CPU
		{9C0AC355-70FA-48C6-80FC-8DC7BC7B52C4}.Debug|Any CPU.ActiveCfg = Debug|Any CPU
		{9C0AC355-70FA-48C6-80FC-8DC7BC7B52C4}.Debug|Any CPU.Build.0 = Debug|Any CPU
		{9C0AC355-70FA-48C6-80FC-8DC7BC7B52C4}.Release|Any CPU.ActiveCfg = Release|Any CPU
		{9C0AC355-70FA-48C6-80FC-8DC7BC7B52C4}.Release|Any CPU.Build.0 = Release|Any CPU
		{14B7C9A0-1484-47A6-9B22-721A2C33E667}.Debug|Any CPU.ActiveCfg = Debug|Any CPU
		{14B7C9A0-1484-47A6-9B22-721A2C33E667}.Debug|Any CPU.Build.0 = Debug|Any CPU
		{14B7C9A0-1484-47A6-9B22-721A2C33E667}.Release|Any CPU.ActiveCfg = Release|Any CPU
		{14B7C9A0-1484-47A6-9B22-721A2C33E667}.Release|Any CPU.Build.0 = Release|Any CPU
		{C04EC4C1-8847-4C03-91BA-21AB99DB32D2}.Debug|Any CPU.ActiveCfg = Debug|Any CPU
		{C04EC4C1-8847-4C03-91BA-21AB99DB32D2}.Debug|Any CPU.Build.0 = Debug|Any CPU
		{C04EC4C1-8847-4C03-91BA-21AB99DB32D2}.Release|Any CPU.ActiveCfg = Release|Any CPU
		{C04EC4C1-8847-4C03-91BA-21AB99DB32D2}.Release|Any CPU.Build.0 = Release|Any CPU
		{1FD5EC20-F023-4A1C-8BD1-B503D18D82FB}.Debug|Any CPU.ActiveCfg = Debug|Any CPU
		{1FD5EC20-F023-4A1C-8BD1-B503D18D82FB}.Debug|Any CPU.Build.0 = Debug|Any CPU
		{1FD5EC20-F023-4A1C-8BD1-B503D18D82FB}.Release|Any CPU.ActiveCfg = Release|Any CPU
		{1FD5EC20-F023-4A1C-8BD1-B503D18D82FB}.Release|Any CPU.Build.0 = Release|Any CPU
		{6CBF2713-F383-44F7-B3B9-7170C6AC0AA4}.Debug|Any CPU.ActiveCfg = Debug|Any CPU
		{6CBF2713-F383-44F7-B3B9-7170C6AC0AA4}.Debug|Any CPU.Build.0 = Debug|Any CPU
		{6CBF2713-F383-44F7-B3B9-7170C6AC0AA4}.Release|Any CPU.ActiveCfg = Release|Any CPU
		{6CBF2713-F383-44F7-B3B9-7170C6AC0AA4}.Release|Any CPU.Build.0 = Release|Any CPU
		{0333ECE5-421B-4700-9A25-648E7088F314}.Debug|Any CPU.ActiveCfg = Debug|Any CPU
		{0333ECE5-421B-4700-9A25-648E7088F314}.Debug|Any CPU.Build.0 = Debug|Any CPU
		{0333ECE5-421B-4700-9A25-648E7088F314}.Release|Any CPU.ActiveCfg = Release|Any CPU
		{0333ECE5-421B-4700-9A25-648E7088F314}.Release|Any CPU.Build.0 = Release|Any CPU
		{BC73820B-0D66-4AA8-8943-4AEEB3B2B5CF}.Debug|Any CPU.ActiveCfg = Debug|Any CPU
		{BC73820B-0D66-4AA8-8943-4AEEB3B2B5CF}.Debug|Any CPU.Build.0 = Debug|Any CPU
		{BC73820B-0D66-4AA8-8943-4AEEB3B2B5CF}.Release|Any CPU.ActiveCfg = Release|Any CPU
		{BC73820B-0D66-4AA8-8943-4AEEB3B2B5CF}.Release|Any CPU.Build.0 = Release|Any CPU
		{178F1ECF-46C3-4018-9A91-D1707FA84B25}.Debug|Any CPU.ActiveCfg = Debug|Any CPU
		{178F1ECF-46C3-4018-9A91-D1707FA84B25}.Debug|Any CPU.Build.0 = Debug|Any CPU
		{178F1ECF-46C3-4018-9A91-D1707FA84B25}.Release|Any CPU.ActiveCfg = Release|Any CPU
		{178F1ECF-46C3-4018-9A91-D1707FA84B25}.Release|Any CPU.Build.0 = Release|Any CPU
		{23A0A05E-67F5-4D55-81D5-6F2DF92CA983}.Debug|Any CPU.ActiveCfg = Debug|Any CPU
		{23A0A05E-67F5-4D55-81D5-6F2DF92CA983}.Debug|Any CPU.Build.0 = Debug|Any CPU
		{23A0A05E-67F5-4D55-81D5-6F2DF92CA983}.Release|Any CPU.ActiveCfg = Release|Any CPU
		{23A0A05E-67F5-4D55-81D5-6F2DF92CA983}.Release|Any CPU.Build.0 = Release|Any CPU
		{1FA205E8-0DCE-4868-898C-627B57DD95F2}.Debug|Any CPU.ActiveCfg = Debug|Any CPU
		{1FA205E8-0DCE-4868-898C-627B57DD95F2}.Debug|Any CPU.Build.0 = Debug|Any CPU
		{1FA205E8-0DCE-4868-898C-627B57DD95F2}.Release|Any CPU.ActiveCfg = Release|Any CPU
		{1FA205E8-0DCE-4868-898C-627B57DD95F2}.Release|Any CPU.Build.0 = Release|Any CPU
		{43FB2E0A-A8CA-4258-805C-3ACDA7FD852A}.Debug|Any CPU.ActiveCfg = Debug|Any CPU
		{43FB2E0A-A8CA-4258-805C-3ACDA7FD852A}.Debug|Any CPU.Build.0 = Debug|Any CPU
		{43FB2E0A-A8CA-4258-805C-3ACDA7FD852A}.Release|Any CPU.ActiveCfg = Release|Any CPU
		{43FB2E0A-A8CA-4258-805C-3ACDA7FD852A}.Release|Any CPU.Build.0 = Release|Any CPU
		{49759219-52D2-4C79-B69D-8322CB3F4EE2}.Debug|Any CPU.ActiveCfg = Debug|Any CPU
		{49759219-52D2-4C79-B69D-8322CB3F4EE2}.Debug|Any CPU.Build.0 = Debug|Any CPU
		{49759219-52D2-4C79-B69D-8322CB3F4EE2}.Release|Any CPU.ActiveCfg = Release|Any CPU
		{49759219-52D2-4C79-B69D-8322CB3F4EE2}.Release|Any CPU.Build.0 = Release|Any CPU
		{7C09165D-F94B-42F1-A21A-68FD037DC500}.Debug|Any CPU.ActiveCfg = Debug|Any CPU
		{7C09165D-F94B-42F1-A21A-68FD037DC500}.Debug|Any CPU.Build.0 = Debug|Any CPU
		{7C09165D-F94B-42F1-A21A-68FD037DC500}.Release|Any CPU.ActiveCfg = Release|Any CPU
		{7C09165D-F94B-42F1-A21A-68FD037DC500}.Release|Any CPU.Build.0 = Release|Any CPU
		{D62AB0CB-59F1-4CE1-A86D-0B18BD180B00}.Debug|Any CPU.ActiveCfg = Debug|Any CPU
		{D62AB0CB-59F1-4CE1-A86D-0B18BD180B00}.Debug|Any CPU.Build.0 = Debug|Any CPU
		{D62AB0CB-59F1-4CE1-A86D-0B18BD180B00}.Release|Any CPU.ActiveCfg = Release|Any CPU
		{D62AB0CB-59F1-4CE1-A86D-0B18BD180B00}.Release|Any CPU.Build.0 = Release|Any CPU
		{CDEFB42A-13B3-4BC6-AD89-3CC12545173E}.Debug|Any CPU.ActiveCfg = Debug|Any CPU
		{CDEFB42A-13B3-4BC6-AD89-3CC12545173E}.Debug|Any CPU.Build.0 = Debug|Any CPU
		{CDEFB42A-13B3-4BC6-AD89-3CC12545173E}.Release|Any CPU.ActiveCfg = Release|Any CPU
		{CDEFB42A-13B3-4BC6-AD89-3CC12545173E}.Release|Any CPU.Build.0 = Release|Any CPU
		{A0BC7BC1-E968-4C8F-A524-510FAC7E4728}.Debug|Any CPU.ActiveCfg = Debug|Any CPU
		{A0BC7BC1-E968-4C8F-A524-510FAC7E4728}.Debug|Any CPU.Build.0 = Debug|Any CPU
		{A0BC7BC1-E968-4C8F-A524-510FAC7E4728}.Release|Any CPU.ActiveCfg = Release|Any CPU
		{A0BC7BC1-E968-4C8F-A524-510FAC7E4728}.Release|Any CPU.Build.0 = Release|Any CPU
		{AC7DFC35-F748-44D3-8BAD-FC8E25B67C97}.Debug|Any CPU.ActiveCfg = Debug|Any CPU
		{AC7DFC35-F748-44D3-8BAD-FC8E25B67C97}.Debug|Any CPU.Build.0 = Debug|Any CPU
		{AC7DFC35-F748-44D3-8BAD-FC8E25B67C97}.Release|Any CPU.ActiveCfg = Release|Any CPU
		{AC7DFC35-F748-44D3-8BAD-FC8E25B67C97}.Release|Any CPU.Build.0 = Release|Any CPU
		{AB3C099F-D8DD-4D1C-8BDD-7EAF906814F0}.Debug|Any CPU.ActiveCfg = Debug|Any CPU
		{AB3C099F-D8DD-4D1C-8BDD-7EAF906814F0}.Debug|Any CPU.Build.0 = Debug|Any CPU
		{AB3C099F-D8DD-4D1C-8BDD-7EAF906814F0}.Release|Any CPU.ActiveCfg = Release|Any CPU
		{AB3C099F-D8DD-4D1C-8BDD-7EAF906814F0}.Release|Any CPU.Build.0 = Release|Any CPU
		{547E6A0D-D4F1-4392-939B-0BF92DE333C1}.Debug|Any CPU.ActiveCfg = Debug|Any CPU
		{547E6A0D-D4F1-4392-939B-0BF92DE333C1}.Debug|Any CPU.Build.0 = Debug|Any CPU
		{547E6A0D-D4F1-4392-939B-0BF92DE333C1}.Release|Any CPU.ActiveCfg = Release|Any CPU
		{547E6A0D-D4F1-4392-939B-0BF92DE333C1}.Release|Any CPU.Build.0 = Release|Any CPU
		{9031F1A3-EA7B-4A02-9F7A-90384E1B6E1F}.Debug|Any CPU.ActiveCfg = Debug|Any CPU
		{9031F1A3-EA7B-4A02-9F7A-90384E1B6E1F}.Debug|Any CPU.Build.0 = Debug|Any CPU
		{9031F1A3-EA7B-4A02-9F7A-90384E1B6E1F}.Release|Any CPU.ActiveCfg = Release|Any CPU
		{9031F1A3-EA7B-4A02-9F7A-90384E1B6E1F}.Release|Any CPU.Build.0 = Release|Any CPU
	EndGlobalSection
	GlobalSection(SolutionProperties) = preSolution
		HideSolutionNode = FALSE
	EndGlobalSection
	GlobalSection(NestedProjects) = preSolution
		{6906D256-1EC9-496D-80D6-9DFB25B3C99F} = {B6BD3241-9E27-4BF9-A3F3-5BB285F68CA5}
		{A0BC7BC1-E968-4C8F-A524-510FAC7E4728} = {676A45BF-636E-4CEE-8A9C-9C16D18743EA}
		{9031F1A3-EA7B-4A02-9F7A-90384E1B6E1F} = {FABA92E8-A2D7-4C3C-B646-3AFC57C3DBB6}
	EndGlobalSection
	GlobalSection(ExtensibilityGlobals) = postSolution
		SolutionGuid = {DF0B8B7F-9A48-4099-BFBA-ED0757E4A498}
	EndGlobalSection
EndGlobal
